PODS:
  - camera_avfoundation (0.0.1):
    - Flutter
  - Flutter (1.0.0)
  - flutter_super_resolution (0.0.1):
    - Flutter
    - TensorFlowLiteSwift/CoreML
    - TensorFlowLiteSwift/Metal
  - image_picker_ios (0.0.1):
    - Flutter
  - TensorFlowLiteC (2.9.1):
    - TensorFlowLiteC/Core (= 2.9.1)
  - TensorFlowLiteC/Core (2.9.1)
  - TensorFlowLiteC/CoreML (2.9.1):
    - TensorFlowLiteC/Core
  - TensorFlowLiteC/Metal (2.9.1):
    - TensorFlowLiteC/Core
  - TensorFlowLiteSwift/Core (2.9.1):
    - TensorFlowLiteC (= 2.9.1)
  - TensorFlowLiteSwift/CoreML (2.9.1):
    - TensorFlowLiteC/CoreML (= 2.9.1)
    - TensorFlowLiteSwift/Core (= 2.9.1)
  - TensorFlowLiteSwift/Metal (2.9.1):
    - TensorFlowLiteC/Metal (= 2.9.1)
    - TensorFlowLiteSwift/Core (= 2.9.1)

DEPENDENCIES:
  - camera_avfoundation (from `.symlinks/plugins/camera_avfoundation/ios`)
  - Flutter (from `Flutter`)
  - flutter_super_resolution (from `.symlinks/plugins/flutter_super_resolution/ios`)
  - image_picker_ios (from `.symlinks/plugins/image_picker_ios/ios`)

SPEC REPOS:
  trunk:
    - TensorFlowLiteC
    - TensorFlowLiteSwift

EXTERNAL SOURCES:
  camera_avfoundation:
    :path: ".symlinks/plugins/camera_avfoundation/ios"
  Flutter:
    :path: Flutter
  flutter_super_resolution:
    :path: ".symlinks/plugins/flutter_super_resolution/ios"
  image_picker_ios:
    :path: ".symlinks/plugins/image_picker_ios/ios"

SPEC CHECKSUMS:
  camera_avfoundation: 07c77549ea54ad95d8581be86617c094a46280d9
  Flutter: f04841e97a9d0b0a8025694d0796dd46242b2854
  flutter_super_resolution: fffb10dd3181f977490c7b972269b38fa64af4c5
  image_picker_ios: b786a5dcf033a8336a657191401bfdf12017dabb
  TensorFlowLiteC: 0a765860195fae345ca7398e33b07c80104c4b61
  TensorFlowLiteSwift: 0b584ad1fac27c0015609056a5ab4e7692bd1af3

PODFILE CHECKSUM: 33e4e75acbc5dbfd918e2c96aea42f4a15f05444

COCOAPODS: 1.11.3
